
Microsoft Visual Studio Solution File, Format Version 12.00
# Visual Studio Version 16
VisualStudioVersion = 16.0.34301.259
MinimumVisualStudioVersion = 10.0.40219.1
Project("{FAE04EC0-301F-11D3-BF4B-00C04F79EFBC}") = "XmlFileReader", "XmlFileReader\XmlFileReader.csproj", "{245DA08E-51AE-4E40-81AC-EED8D8D41C6B}"
EndProject
Global
	GlobalSection(SolutionConfigurationPlatforms) = preSolution
		Debug|Any CPU = Debug|Any CPU
		Release|Any CPU = Release|Any CPU
	EndGlobalSection
	GlobalSection(ProjectConfigurationPlatforms) = postSolution
		{245DA08E-51AE-4E40-81AC-EED8D8D41C6B}.Debug|Any CPU.ActiveCfg = Debug|Any CPU
		{245DA08E-51AE-4E40-81AC-EED8D8D41C6B}.Debug|Any CPU.Build.0 = Debug|Any CPU
		{245DA08E-51AE-4E40-81AC-EED8D8D41C6B}.Release|Any CPU.ActiveCfg = Release|Any CPU
		{245DA08E-51AE-4E40-81AC-EED8D8D41C6B}.Release|Any CPU.Build.0 = Release|Any CPU
	EndGlobalSection
	GlobalSection(SolutionProperties) = preSolution
		HideSolutionNode = FALSE
	EndGlobalSection
	GlobalSection(ExtensibilityGlobals) = postSolution
		SolutionGuid = {21D53096-CDDB-437B-A9C1-4CEB609B7CB7}
	EndGlobalSection
EndGlobal
